// !$*UTF8*$!
{
	archiveVersion = 1;
	classes = {
	};
	objectVersion = 48;
	objects = {

/* Begin PBXBuildFile section */
		DECF8F9D2195DDEC00638906 /* AppDelegate.swift in Sources */ = {isa = PBXBuildFile; fileRef = DECF8F9C2195DDEC00638906 /* AppDelegate.swift */; };
		DECF8F9F2195DDEC00638906 /* ViewController.swift in Sources */ = {isa = PBXBuildFile; fileRef = DECF8F9E2195DDEC00638906 /* ViewController.swift */; };
		DECF8FA22195DDEC00638906 /* Main.storyboard in Resources */ = {isa = PBXBuildFile; fileRef = DECF8FA02195DDEC00638906 /* Main.storyboard */; };
		DECF8FA42195DDEC00638906 /* Assets.xcassets in Resources */ = {isa = PBXBuildFile; fileRef = DECF8FA32195DDEC00638906 /* Assets.xcassets */; };
		DECF8FA72195DDEC00638906 /* LaunchScreen.storyboard in Resources */ = {isa = PBXBuildFile; fileRef = DECF8FA52195DDEC00638906 /* LaunchScreen.storyboard */; };
		DECF8FB22195DDED00638906 /* NewsTests.swift in Sources */ = {isa = PBXBuildFile; fileRef = DECF8FB12195DDED00638906 /* NewsTests.swift */; };
		DECF8FBD2195DDED00638906 /* NewsUITests.swift in Sources */ = {isa = PBXBuildFile; fileRef = DECF8FBC2195DDED00638906 /* NewsUITests.swift */; };
/* End PBXBuildFile section */

/* Begin PBXContainerItemProxy section */
		DECF8FAE2195DDED00638906 /* PBXContainerItemProxy */ = {
			isa = PBXContainerItemProxy;
			containerPortal = DECF8F912195DDEC00638906 /* Project object */;
			proxyType = 1;
			remoteGlobalIDString = DECF8F982195DDEC00638906;
			remoteInfo = News;
		};
		DECF8FB92195DDED00638906 /* PBXContainerItemProxy */ = {
			isa = PBXContainerItemProxy;
			containerPortal = DECF8F912195DDEC00638906 /* Project object */;
			proxyType = 1;
			remoteGlobalIDString = DECF8F982195DDEC00638906;
			remoteInfo = News;
		};
/* End PBXContainerItemProxy section */

/* Begin PBXFileReference section */
		DECF8F992195DDEC00638906 /* News.app */ = {isa = PBXFileReference; explicitFileType = wrapper.application; includeInIndex = 0; path = News.app; sourceTree = BUILT_PRODUCTS_DIR; };
		DECF8F9C2195DDEC00638906 /* AppDelegate.swift */ = {isa = PBXFileReference; lastKnownFileType = sourcecode.swift; path = AppDelegate.swift; sourceTree = "<group>"; };
		DECF8F9E2195DDEC00638906 /* ViewController.swift */ = {isa = PBXFileReference; lastKnownFileType = sourcecode.swift; path = ViewController.swift; sourceTree = "<group>"; };
		DECF8FA12195DDEC00638906 /* Base */ = {isa = PBXFileReference; lastKnownFileType = file.storyboard; name = Base; path = Base.lproj/Main.storyboard; sourceTree = "<group>"; };
		DECF8FA32195DDEC00638906 /* Assets.xcassets */ = {isa = PBXFileReference; lastKnownFileType = folder.assetcatalog; path = Assets.xcassets; sourceTree = "<group>"; };
		DECF8FA62195DDEC00638906 /* Base */ = {isa = PBXFileReference; lastKnownFileType = file.storyboard; name = Base; path = Base.lproj/LaunchScreen.storyboard; sourceTree = "<group>"; };
		DECF8FA82195DDEC00638906 /* Info.plist */ = {isa = PBXFileReference; lastKnownFileType = text.plist.xml; path = Info.plist; sourceTree = "<group>"; };
		DECF8FAD2195DDED00638906 /* NewsTests.xctest */ = {isa = PBXFileReference; explicitFileType = wrapper.cfbundle; includeInIndex = 0; path = NewsTests.xctest; sourceTree = BUILT_PRODUCTS_DIR; };
		DECF8FB12195DDED00638906 /* NewsTests.swift */ = {isa = PBXFileReference; lastKnownFileType = sourcecode.swift; path = NewsTests.swift; sourceTree = "<group>"; };
		DECF8FB32195DDED00638906 /* Info.plist */ = {isa = PBXFileReference; lastKnownFileType = text.plist.xml; path = Info.plist; sourceTree = "<group>"; };
		DECF8FB82195DDED00638906 /* NewsUITests.xctest */ = {isa = PBXFileReference; explicitFileType = wrapper.cfbundle; includeInIndex = 0; path = NewsUITests.xctest; sourceTree = BUILT_PRODUCTS_DIR; };
		DECF8FBC2195DDED00638906 /* NewsUITests.swift */ = {isa = PBXFileReference; lastKnownFileType = sourcecode.swift; path = NewsUITests.swift; sourceTree = "<group>"; };
		DECF8FBE2195DDED00638906 /* Info.plist */ = {isa = PBXFileReference; lastKnownFileType = text.plist.xml; path = Info.plist; sourceTree = "<group>"; };
/* End PBXFileReference section */

/* Begin PBXFrameworksBuildPhase section */
		DECF8F962195DDEC00638906 /* Frameworks */ = {
			isa = PBXFrameworksBuildPhase;
			buildActionMask = 2147483647;
			files = (
			);
			runOnlyForDeploymentPostprocessing = 0;
		};
		DECF8FAA2195DDED00638906 /* Frameworks */ = {
			isa = PBXFrameworksBuildPhase;
			buildActionMask = 2147483647;
			files = (
			);
			runOnlyForDeploymentPostprocessing = 0;
		};
		DECF8FB52195DDED00638906 /* Frameworks */ = {
			isa = PBXFrameworksBuildPhase;
			buildActionMask = 2147483647;
			files = (
			);
			runOnlyForDeploymentPostprocessing = 0;
		};
/* End PBXFrameworksBuildPhase section */

/* Begin PBXGroup section */
		DECF8F902195DDEC00638906 = {
			isa = PBXGroup;
			children = (
				DECF8F9B2195DDEC00638906 /* News */,
				DECF8FB02195DDED00638906 /* NewsTests */,
				DECF8FBB2195DDED00638906 /* NewsUITests */,
				DECF8F9A2195DDEC00638906 /* Products */,
			);
			sourceTree = "<group>";
		};
		DECF8F9A2195DDEC00638906 /* Products */ = {
			isa = PBXGroup;
			children = (
				DECF8F992195DDEC00638906 /* News.app */,
				DECF8FAD2195DDED00638906 /* NewsTests.xctest */,
				DECF8FB82195DDED00638906 /* NewsUITests.xctest */,
			);
			name = Products;
			sourceTree = "<group>";
		};
		DECF8F9B2195DDEC00638906 /* News */ = {
			isa = PBXGroup;
			children = (
				DECF8F9C2195DDEC00638906 /* AppDelegate.swift */,
				DECF8F9E2195DDEC00638906 /* ViewController.swift */,
				DECF8FA02195DDEC00638906 /* Main.storyboard */,
				DECF8FA32195DDEC00638906 /* Assets.xcassets */,
				DECF8FA52195DDEC00638906 /* LaunchScreen.storyboard */,
				DECF8FA82195DDEC00638906 /* Info.plist */,
			);
			path = News;
			sourceTree = "<group>";
		};
		DECF8FB02195DDED00638906 /* NewsTests */ = {
			isa = PBXGroup;
			children = (
				DECF8FB12195DDED00638906 /* NewsTests.swift */,
				DECF8FB32195DDED00638906 /* Info.plist */,
			);
			path = NewsTests;
			sourceTree = "<group>";
		};
		DECF8FBB2195DDED00638906 /* NewsUITests */ = {
			isa = PBXGroup;
			children = (
				DECF8FBC2195DDED00638906 /* NewsUITests.swift */,
				DECF8FBE2195DDED00638906 /* Info.plist */,
			);
			path = NewsUITests;
			sourceTree = "<group>";
		};
/* End PBXGroup section */

/* Begin PBXNativeTarget section */
		DECF8F982195DDEC00638906 /* News */ = {
			isa = PBXNativeTarget;
			buildConfigurationList = DECF8FC12195DDED00638906 /* Build configuration list for PBXNativeTarget "News" */;
			buildPhases = (
				DECF8F952195DDEC00638906 /* Sources */,
				DECF8F962195DDEC00638906 /* Frameworks */,
				DECF8F972195DDEC00638906 /* Resources */,
			);
			buildRules = (
			);
			dependencies = (
			);
			name = News;
			productName = News;
			productReference = DECF8F992195DDEC00638906 /* News.app */;
			productType = "com.apple.product-type.application";
		};
		DECF8FAC2195DDED00638906 /* NewsTests */ = {
			isa = PBXNativeTarget;
			buildConfigurationList = DECF8FC42195DDED00638906 /* Build configuration list for PBXNativeTarget "NewsTests" */;
			buildPhases = (
				DECF8FA92195DDED00638906 /* Sources */,
				DECF8FAA2195DDED00638906 /* Frameworks */,
				DECF8FAB2195DDED00638906 /* Resources */,
			);
			buildRules = (
			);
			dependencies = (
				DECF8FAF2195DDED00638906 /* PBXTargetDependency */,
			);
			name = NewsTests;
			productName = NewsTests;
			productReference = DECF8FAD2195DDED00638906 /* NewsTests.xctest */;
			productType = "com.apple.product-type.bundle.unit-test";
		};
		DECF8FB72195DDED00638906 /* NewsUITests */ = {
			isa = PBXNativeTarget;
			buildConfigurationList = DECF8FC72195DDED00638906 /* Build configuration list for PBXNativeTarget "NewsUITests" */;
			buildPhases = (
				DECF8FB42195DDED00638906 /* Sources */,
				DECF8FB52195DDED00638906 /* Frameworks */,
				DECF8FB62195DDED00638906 /* Resources */,
			);
			buildRules = (
			);
			dependencies = (
				DECF8FBA2195DDED00638906 /* PBXTargetDependency */,
			);
			name = NewsUITests;
			productName = NewsUITests;
			productReference = DECF8FB82195DDED00638906 /* NewsUITests.xctest */;
			productType = "com.apple.product-type.bundle.ui-testing";
		};
/* End PBXNativeTarget section */

/* Begin PBXProject section */
		DECF8F912195DDEC00638906 /* Project object */ = {
			isa = PBXProject;
			attributes = {
				LastSwiftUpdateCheck = 0920;
				LastUpgradeCheck = 0920;
				ORGANIZATIONNAME = "Hilal Baig";
				TargetAttributes = {
					DECF8F982195DDEC00638906 = {
						CreatedOnToolsVersion = 9.2;
						ProvisioningStyle = Automatic;
					};
					DECF8FAC2195DDED00638906 = {
						CreatedOnToolsVersion = 9.2;
						ProvisioningStyle = Automatic;
						TestTargetID = DECF8F982195DDEC00638906;
					};
					DECF8FB72195DDED00638906 = {
						CreatedOnToolsVersion = 9.2;
						ProvisioningStyle = Automatic;
						TestTargetID = DECF8F982195DDEC00638906;
					};
				};
			};
			buildConfigurationList = DECF8F942195DDEC00638906 /* Build configuration list for PBXProject "News" */;
			compatibilityVersion = "Xcode 8.0";
			developmentRegion = en;
			hasScannedForEncodings = 0;
			knownRegions = (
				en,
				Base,
			);
			mainGroup = DECF8F902195DDEC00638906;
			productRefGroup = DECF8F9A2195DDEC00638906 /* Products */;
			projectDirPath = "";
			projectRoot = "";
			targets = (
				DECF8F982195DDEC00638906 /* News */,
				DECF8FAC2195DDED00638906 /* NewsTests */,
				DECF8FB72195DDED00638906 /* NewsUITests */,
			);
		};
/* End PBXProject section */

/* Begin PBXResourcesBuildPhase section */
		DECF8F972195DDEC00638906 /* Resources */ = {
			isa = PBXResourcesBuildPhase;
			buildActionMask = 2147483647;
			files = (
				DECF8FA72195DDEC00638906 /* LaunchScreen.storyboard in Resources */,
				DECF8FA42195DDEC00638906 /* Assets.xcassets in Resources */,
				DECF8FA22195DDEC00638906 /* Main.storyboard in Resources */,
			);
			runOnlyForDeploymentPostprocessing = 0;
		};
		DECF8FAB2195DDED00638906 /* Resources */ = {
			isa = PBXResourcesBuildPhase;
			buildActionMask = 2147483647;
			files = (
			);
			runOnlyForDeploymentPostprocessing = 0;
		};
		DECF8FB62195DDED00638906 /* Resources */ = {
			isa = PBXResourcesBuildPhase;
			buildActionMask = 2147483647;
			files = (
			);
			runOnlyForDeploymentPostprocessing = 0;
		};
/* End PBXResourcesBuildPhase section */

/* Begin PBXSourcesBuildPhase section */
		DECF8F952195DDEC00638906 /* Sources */ = {
			isa = PBXSourcesBuildPhase;
			buildActionMask = 2147483647;
			files = (
				DECF8F9F2195DDEC00638906 /* ViewController.swift in Sources */,
				DECF8F9D2195DDEC00638906 /* AppDelegate.swift in Sources */,
			);
			runOnlyForDeploymentPostprocessing = 0;
		};
		DECF8FA92195DDED00638906 /* Sources */ = {
			isa = PBXSourcesBuildPhase;
			buildActionMask = 2147483647;
			files = (
				DECF8FB22195DDED00638906 /* NewsTests.swift in Sources */,
			);
			runOnlyForDeploymentPostprocessing = 0;
		};
		DECF8FB42195DDED00638906 /* Sources */ = {
			isa = PBXSourcesBuildPhase;
			buildActionMask = 2147483647;
			files = (
				DECF8FBD2195DDED00638906 /* NewsUITests.swift in Sources */,
			);
			runOnlyForDeploymentPostprocessing = 0;
		};
/* End PBXSourcesBuildPhase section */

/* Begin PBXTargetDependency section */
		DECF8FAF2195DDED00638906 /* PBXTargetDependency */ = {
			isa = PBXTargetDependency;
			target = DECF8F982195DDEC00638906 /* News */;
			targetProxy = DECF8FAE2195DDED00638906 /* PBXContainerItemProxy */;
		};
		DECF8FBA2195DDED00638906 /* PBXTargetDependency */ = {
			isa = PBXTargetDependency;
			target = DECF8F982195DDEC00638906 /* News */;
			targetProxy = DECF8FB92195DDED00638906 /* PBXContainerItemProxy */;
		};
/* End PBXTargetDependency section */

/* Begin PBXVariantGroup section */
		DECF8FA02195DDEC00638906 /* Main.storyboard */ = {
			isa = PBXVariantGroup;
			children = (
				DECF8FA12195DDEC00638906 /* Base */,
			);
			name = Main.storyboard;
			sourceTree = "<group>";
		};
		DECF8FA52195DDEC00638906 /* LaunchScreen.storyboard */ = {
			isa = PBXVariantGroup;
			children = (
				DECF8FA62195DDEC00638906 /* Base */,
			);
			name = LaunchScreen.storyboard;
			sourceTree = "<group>";
		};
/* End PBXVariantGroup section */

/* Begin XCBuildConfiguration section */
		DECF8FBF2195DDED00638906 /* Debug */ = {
			isa = XCBuildConfiguration;
			buildSettings = {
				ALWAYS_SEARCH_USER_PATHS = NO;
				CLANG_ANALYZER_NONNULL = YES;
				CLANG_ANALYZER_NUMBER_OBJECT_CONVERSION = YES_AGGRESSIVE;
				CLANG_CXX_LANGUAGE_STANDARD = "gnu++14";
				CLANG_CXX_LIBRARY = "libc++";
				CLANG_ENABLE_MODULES = YES;
				CLANG_ENABLE_OBJC_ARC = YES;
				CLANG_WARN_BLOCK_CAPTURE_AUTORELEASING = YES;
				CLANG_WARN_BOOL_CONVERSION = YES;
				CLANG_WARN_COMMA = YES;
				CLANG_WARN_CONSTANT_CONVERSION = YES;
				CLANG_WARN_DIRECT_OBJC_ISA_USAGE = YES_ERROR;
				CLANG_WARN_DOCUMENTATION_COMMENTS = YES;
				CLANG_WARN_EMPTY_BODY = YES;
				CLANG_WARN_ENUM_CONVERSION = YES;
				CLANG_WARN_INFINITE_RECURSION = YES;
				CLANG_WARN_INT_CONVERSION = YES;
				CLANG_WARN_NON_LITERAL_NULL_CONVERSION = YES;
				CLANG_WARN_OBJC_LITERAL_CONVERSION = YES;
				CLANG_WARN_OBJC_ROOT_CLASS = YES_ERROR;
				CLANG_WARN_RANGE_LOOP_ANALYSIS = YES;
				CLANG_WARN_STRICT_PROTOTYPES = YES;
				CLANG_WARN_SUSPICIOUS_MOVE = YES;
				CLANG_WARN_UNGUARDED_AVAILABILITY = YES_AGGRESSIVE;
				CLANG_WARN_UNREACHABLE_CODE = YES;
				CLANG_WARN__DUPLICATE_METHOD_MATCH = YES;
				CODE_SIGN_IDENTITY = "iPhone Developer";
				COPY_PHASE_STRIP = NO;
				DEBUG_INFORMATION_FORMAT = dwarf;
				ENABLE_STRICT_OBJC_MSGSEND = YES;
				ENABLE_TESTABILITY = YES;
				GCC_C_LANGUAGE_STANDARD = gnu11;
				GCC_DYNAMIC_NO_PIC = NO;
				GCC_NO_COMMON_BLOCKS = YES;
				GCC_OPTIMIZATION_LEVEL = 0;
				GCC_PREPROCESSOR_DEFINITIONS = (
					"DEBUG=1",
					"$(inherited)",
				);
				GCC_WARN_64_TO_32_BIT_CONVERSION = YES;
				GCC_WARN_ABOUT_RETURN_TYPE = YES_ERROR;
				GCC_WARN_UNDECLARED_SELECTOR = YES;
				GCC_WARN_UNINITIALIZED_AUTOS = YES_AGGRESSIVE;
				GCC_WARN_UNUSED_FUNCTION = YES;
				GCC_WARN_UNUSED_VARIABLE = YES;
				IPHONEOS_DEPLOYMENT_TARGET = 11.2;
				MTL_ENABLE_DEBUG_INFO = YES;
				ONLY_ACTIVE_ARCH = YES;
				SDKROOT = iphoneos;
				SWIFT_ACTIVE_COMPILATION_CONDITIONS = DEBUG;
				SWIFT_OPTIMIZATION_LEVEL = "-Onone";
			};
			name = Debug;
		};
		DECF8FC02195DDED00638906 /* Release */ = {
			isa = XCBuildConfiguration;
			buildSettings = {
				ALWAYS_SEARCH_USER_PATHS = NO;
				CLANG_ANALYZER_NONNULL = YES;
				CLANG_ANALYZER_NUMBER_OBJECT_CONVERSION = YES_AGGRESSIVE;
				CLANG_CXX_LANGUAGE_STANDARD = "gnu++14";
				CLANG_CXX_LIBRARY = "libc++";
				CLANG_ENABLE_MODULES = YES;
				CLANG_ENABLE_OBJC_ARC = YES;
				CLANG_WARN_BLOCK_CAPTURE_AUTORELEASING = YES;
				CLANG_WARN_BOOL_CONVERSION = YES;
				CLANG_WARN_COMMA = YES;
				CLANG_WARN_CONSTANT_CONVERSION = YES;
				CLANG_WARN_DIRECT_OBJC_ISA_USAGE = YES_ERROR;
				CLANG_WARN_DOCUMENTATION_COMMENTS = YES;
				CLANG_WARN_EMPTY_BODY = YES;
				CLANG_WARN_ENUM_CONVERSION = YES;
				CLANG_WARN_INFINITE_RECURSION = YES;
				CLANG_WARN_INT_CONVERSION = YES;
				CLANG_WARN_NON_LITERAL_NULL_CONVERSION = YES;
				CLANG_WARN_OBJC_LITERAL_CONVERSION = YES;
				CLANG_WARN_OBJC_ROOT_CLASS = YES_ERROR;
				CLANG_WARN_RANGE_LOOP_ANALYSIS = YES;
				CLANG_WARN_STRICT_PROTOTYPES = YES;
				CLANG_WARN_SUSPICIOUS_MOVE = YES;
				CLANG_WARN_UNGUARDED_AVAILABILITY = YES_AGGRESSIVE;
				CLANG_WARN_UNREACHABLE_CODE = YES;
				CLANG_WARN__DUPLICATE_METHOD_MATCH = YES;
				CODE_SIGN_IDENTITY = "iPhone Developer";
				COPY_PHASE_STRIP = NO;
				DEBUG_INFORMATION_FORMAT = "dwarf-with-dsym";
				ENABLE_NS_ASSERTIONS = NO;
				ENABLE_STRICT_OBJC_MSGSEND = YES;
				GCC_C_LANGUAGE_STANDARD = gnu11;
				GCC_NO_COMMON_BLOCKS = YES;
				GCC_WARN_64_TO_32_BIT_CONVERSION = YES;
				GCC_WARN_ABOUT_RETURN_TYPE = YES_ERROR;
				GCC_WARN_UNDECLARED_SELECTOR = YES;
				GCC_WARN_UNINITIALIZED_AUTOS = YES_AGGRESSIVE;
				GCC_WARN_UNUSED_FUNCTION = YES;
				GCC_WARN_UNUSED_VARIABLE = YES;
				IPHONEOS_DEPLOYMENT_TARGET = 11.2;
				MTL_ENABLE_DEBUG_INFO = NO;
				SDKROOT = iphoneos;
				SWIFT_OPTIMIZATION_LEVEL = "-Owholemodule";
				VALIDATE_PRODUCT = YES;
			};
			name = Release;
		};
		DECF8FC22195DDED00638906 /* Debug */ = {
			isa = XCBuildConfiguration;
			buildSettings = {
				ASSETCATALOG_COMPILER_APPICON_NAME = AppIcon;
				CODE_SIGN_STYLE = Automatic;
				DEVELOPMENT_TEAM = 9TTP25JRLE;
				INFOPLIST_FILE = News/Info.plist;
				IPHONEOS_DEPLOYMENT_TARGET = 10.0;
				LD_RUNPATH_SEARCH_PATHS = "$(inherited) @executable_path/Frameworks";
				PRODUCT_BUNDLE_IDENTIFIER = Baig.News;
				PRODUCT_NAME = "$(TARGET_NAME)";
				SWIFT_VERSION = 4.0;
				TARGETED_DEVICE_FAMILY = "1,2";
			};
			name = Debug;
		};
		DECF8FC32195DDED00638906 /* Release */ = {
			isa = XCBuildConfiguration;
			buildSettings = {
				ASSETCATALOG_COMPILER_APPICON_NAME = AppIcon;
				CODE_SIGN_STYLE = Automatic;
				DEVELOPMENT_TEAM = 9TTP25JRLE;
				INFOPLIST_FILE = News/Info.plist;
				IPHONEOS_DEPLOYMENT_TARGET = 10.0;
				LD_RUNPATH_SEARCH_PATHS = "$(inherited) @executable_path/Frameworks";
				PRODUCT_BUNDLE_IDENTIFIER = Baig.News;
				PRODUCT_NAME = "$(TARGET_NAME)";
				SWIFT_VERSION = 4.0;
				TARGETED_DEVICE_FAMILY = "1,2";
			};
			name = Release;
		};
		DECF8FC52195DDED00638906 /* Debug */ = {
			isa = XCBuildConfiguration;
			buildSettings = {
				ALWAYS_EMBED_SWIFT_STANDARD_LIBRARIES = YES;
				BUNDLE_LOADER = "$(TEST_HOST)";
				CODE_SIGN_STYLE = Automatic;
				DEVELOPMENT_TEAM = 9TTP25JRLE;
				INFOPLIST_FILE = NewsTests/Info.plist;
				LD_RUNPATH_SEARCH_PATHS = "$(inherited) @executable_path/Frameworks @loader_path/Frameworks";
				PRODUCT_BUNDLE_IDENTIFIER = Baig.NewsTests;
				PRODUCT_NAME = "$(TARGET_NAME)";
				SWIFT_VERSION = 4.0;
				TARGETED_DEVICE_FAMILY = "1,2";
				TEST_HOST = "$(BUILT_PRODUCTS_DIR)/News.app/News";
			};
			name = Debug;
		};
		DECF8FC62195DDED00638906 /* Release */ = {
			isa = XCBuildConfiguration;
			buildSettings = {
				ALWAYS_EMBED_SWIFT_STANDARD_LIBRARIES = YES;
				BUNDLE_LOADER = "$(TEST_HOST)";
				CODE_SIGN_STYLE = Automatic;
				DEVELOPMENT_TEAM = 9TTP25JRLE;
				INFOPLIST_FILE = NewsTests/Info.plist;
				LD_RUNPATH_SEARCH_PATHS = "$(inherited) @executable_path/Frameworks @loader_path/Frameworks";
				PRODUCT_BUNDLE_IDENTIFIER = Baig.NewsTests;
				PRODUCT_NAME = "$(TARGET_NAME)";
				SWIFT_VERSION = 4.0;
				TARGETED_DEVICE_FAMILY = "1,2";
				TEST_HOST = "$(BUILT_PRODUCTS_DIR)/News.app/News";
			};
			name = Release;
		};
		DECF8FC82195DDED00638906 /* Debug */ = {
			isa = XCBuildConfiguration;
			buildSettings = {
				ALWAYS_EMBED_SWIFT_STANDARD_LIBRARIES = YES;
				CODE_SIGN_STYLE = Automatic;
				DEVELOPMENT_TEAM = 9TTP25JRLE;
				INFOPLIST_FILE = NewsUITests/Info.plist;
				LD_RUNPATH_SEARCH_PATHS = "$(inherited) @executable_path/Frameworks @loader_path/Frameworks";
				PRODUCT_BUNDLE_IDENTIFIER = Baig.NewsUITests;
				PRODUCT_NAME = "$(TARGET_NAME)";
				SWIFT_VERSION = 4.0;
				TARGETED_DEVICE_FAMILY = "1,2";
				TEST_TARGET_NAME = News;
			};
			name = Debug;
		};
		DECF8FC92195DDED00638906 /* Release */ = {
			isa = XCBuildConfiguration;
			buildSettings = {
				ALWAYS_EMBED_SWIFT_STANDARD_LIBRARIES = YES;
				CODE_SIGN_STYLE = Automatic;
				DEVELOPMENT_TEAM = 9TTP25JRLE;
				INFOPLIST_FILE = NewsUITests/Info.plist;
				LD_RUNPATH_SEARCH_PATHS = "$(inherited) @executable_path/Frameworks @loader_path/Frameworks";
				PRODUCT_BUNDLE_IDENTIFIER = Baig.NewsUITests;
				PRODUCT_NAME = "$(TARGET_NAME)";
				SWIFT_VERSION = 4.0;
				TARGETED_DEVICE_FAMILY = "1,2";
				TEST_TARGET_NAME = News;
			};
			name = Release;
		};
/* End XCBuildConfiguration section */

/* Begin XCConfigurationList section */
		DECF8F942195DDEC00638906 /* Build configuration list for PBXProject "News" */ = {
			isa = XCConfigurationList;
			buildConfigurations = (
				DECF8FBF2195DDED00638906 /* Debug */,
				DECF8FC02195DDED00638906 /* Release */,
			);
			defaultConfigurationIsVisible = 0;
			defaultConfigurationName = Release;
		};
		DECF8FC12195DDED00638906 /* Build configuration list for PBXNativeTarget "News" */ = {
			isa = XCConfigurationList;
			buildConfigurations = (
				DECF8FC22195DDED00638906 /* Debug */,
				DECF8FC32195DDED00638906 /* Release */,
			);
			defaultConfigurationIsVisible = 0;
			defaultConfigurationName = Release;
		};
		DECF8FC42195DDED00638906 /* Build configuration list for PBXNativeTarget "NewsTests" */ = {
			isa = XCConfigurationList;
			buildConfigurations = (
				DECF8FC52195DDED00638906 /* Debug */,
				DECF8FC62195DDED00638906 /* Release */,
			);
			defaultConfigurationIsVisible = 0;
			defaultConfigurationName = Release;
		};
		DECF8FC72195DDED00638906 /* Build configuration list for PBXNativeTarget "NewsUITests" */ = {
			isa = XCConfigurationList;
			buildConfigurations = (
				DECF8FC82195DDED00638906 /* Debug */,
				DECF8FC92195DDED00638906 /* Release */,
			);
			defaultConfigurationIsVisible = 0;
			defaultConfigurationName = Release;
		};
/* End XCConfigurationList section */
	};
	rootObject = DECF8F912195DDEC00638906 /* Project object */;
}
