// !$*UTF8*$!
{
	archiveVersion = 1;
	classes = {
	};
	objectVersion = 48;
	objects = {

/* Begin PBXBuildFile section */
		0E5CEE404C70EB82C7B2742B /* Pods_NewsUITests.framework in Frameworks */ = {isa = PBXBuildFile; fileRef = ABED3F816B6B0732E70ABDCC /* Pods_NewsUITests.framework */; };
		20FB220558AD407FDAA20748 /* Pods_News.framework in Frameworks */ = {isa = PBXBuildFile; fileRef = 0EBB4F72D1C0F309D0BB7A54 /* Pods_News.framework */; };
		2C90865D0E9E4875EFCCF1E3 /* Pods_NewsTests.framework in Frameworks */ = {isa = PBXBuildFile; fileRef = 61E7C059B5D640743C0046A8 /* Pods_NewsTests.framework */; };
		DE52436C2195ED01000609CE /* AppDelegate.swift in Sources */ = {isa = PBXBuildFile; fileRef = DE5243552195ED00000609CE /* AppDelegate.swift */; };
		DE52436D2195ED01000609CE /* AppDelegate.swift in Sources */ = {isa = PBXBuildFile; fileRef = DE5243552195ED00000609CE /* AppDelegate.swift */; };
		DE52436E2195ED01000609CE /* AppDelegate.swift in Sources */ = {isa = PBXBuildFile; fileRef = DE5243552195ED00000609CE /* AppDelegate.swift */; };
		DE5243842195ED01000609CE /* DetailViewController.swift in Sources */ = {isa = PBXBuildFile; fileRef = DE5243602195ED01000609CE /* DetailViewController.swift */; };
		DE5243852195ED01000609CE /* DetailViewController.swift in Sources */ = {isa = PBXBuildFile; fileRef = DE5243602195ED01000609CE /* DetailViewController.swift */; };
		DE5243862195ED01000609CE /* DetailViewController.swift in Sources */ = {isa = PBXBuildFile; fileRef = DE5243602195ED01000609CE /* DetailViewController.swift */; };
		DE5243872195ED01000609CE /* ParentViewController.swift in Sources */ = {isa = PBXBuildFile; fileRef = DE5243612195ED01000609CE /* ParentViewController.swift */; };
		DE5243882195ED01000609CE /* ParentViewController.swift in Sources */ = {isa = PBXBuildFile; fileRef = DE5243612195ED01000609CE /* ParentViewController.swift */; };
		DE5243892195ED01000609CE /* ParentViewController.swift in Sources */ = {isa = PBXBuildFile; fileRef = DE5243612195ED01000609CE /* ParentViewController.swift */; };
		DE52438A2195ED01000609CE /* ArticleCell.swift in Sources */ = {isa = PBXBuildFile; fileRef = DE5243632195ED01000609CE /* ArticleCell.swift */; };
		DE52438B2195ED01000609CE /* ArticleCell.swift in Sources */ = {isa = PBXBuildFile; fileRef = DE5243632195ED01000609CE /* ArticleCell.swift */; };
		DE52438C2195ED01000609CE /* ArticleCell.swift in Sources */ = {isa = PBXBuildFile; fileRef = DE5243632195ED01000609CE /* ArticleCell.swift */; };
		DE52438D2195ED01000609CE /* LoadingCell.swift in Sources */ = {isa = PBXBuildFile; fileRef = DE5243642195ED01000609CE /* LoadingCell.swift */; };
		DE52438E2195ED01000609CE /* LoadingCell.swift in Sources */ = {isa = PBXBuildFile; fileRef = DE5243642195ED01000609CE /* LoadingCell.swift */; };
		DE52438F2195ED01000609CE /* LoadingCell.swift in Sources */ = {isa = PBXBuildFile; fileRef = DE5243642195ED01000609CE /* LoadingCell.swift */; };
		DE5243902195ED01000609CE /* LaunchScreen.storyboard in Resources */ = {isa = PBXBuildFile; fileRef = DE5243662195ED01000609CE /* LaunchScreen.storyboard */; };
		DE5243912195ED01000609CE /* LaunchScreen.storyboard in Resources */ = {isa = PBXBuildFile; fileRef = DE5243662195ED01000609CE /* LaunchScreen.storyboard */; };
		DE5243922195ED01000609CE /* LaunchScreen.storyboard in Resources */ = {isa = PBXBuildFile; fileRef = DE5243662195ED01000609CE /* LaunchScreen.storyboard */; };
		DE5243932195ED01000609CE /* Main.storyboard in Resources */ = {isa = PBXBuildFile; fileRef = DE5243682195ED01000609CE /* Main.storyboard */; };
		DE5243942195ED01000609CE /* Main.storyboard in Resources */ = {isa = PBXBuildFile; fileRef = DE5243682195ED01000609CE /* Main.storyboard */; };
		DE5243952195ED01000609CE /* Main.storyboard in Resources */ = {isa = PBXBuildFile; fileRef = DE5243682195ED01000609CE /* Main.storyboard */; };
		DE5243962195ED01000609CE /* Extension.swift in Sources */ = {isa = PBXBuildFile; fileRef = DE52436B2195ED01000609CE /* Extension.swift */; };
		DE5243972195ED01000609CE /* Extension.swift in Sources */ = {isa = PBXBuildFile; fileRef = DE52436B2195ED01000609CE /* Extension.swift */; };
		DE5243982195ED01000609CE /* Extension.swift in Sources */ = {isa = PBXBuildFile; fileRef = DE52436B2195ED01000609CE /* Extension.swift */; };
		DECF8FA42195DDEC00638906 /* Assets.xcassets in Resources */ = {isa = PBXBuildFile; fileRef = DECF8FA32195DDEC00638906 /* Assets.xcassets */; };
		DECF8FB22195DDED00638906 /* NewsTests.swift in Sources */ = {isa = PBXBuildFile; fileRef = DECF8FB12195DDED00638906 /* NewsTests.swift */; };
		DECF8FBD2195DDED00638906 /* NewsUITests.swift in Sources */ = {isa = PBXBuildFile; fileRef = DECF8FBC2195DDED00638906 /* NewsUITests.swift */; };
/* End PBXBuildFile section */

/* Begin PBXContainerItemProxy section */
		DECF8FAE2195DDED00638906 /* PBXContainerItemProxy */ = {
			isa = PBXContainerItemProxy;
			containerPortal = DECF8F912195DDEC00638906 /* Project object */;
			proxyType = 1;
			remoteGlobalIDString = DECF8F982195DDEC00638906;
			remoteInfo = News;
		};
		DECF8FB92195DDED00638906 /* PBXContainerItemProxy */ = {
			isa = PBXContainerItemProxy;
			containerPortal = DECF8F912195DDEC00638906 /* Project object */;
			proxyType = 1;
			remoteGlobalIDString = DECF8F982195DDEC00638906;
			remoteInfo = News;
		};
/* End PBXContainerItemProxy section */

/* Begin PBXFileReference section */
		0EBB4F72D1C0F309D0BB7A54 /* Pods_News.framework */ = {isa = PBXFileReference; explicitFileType = wrapper.framework; includeInIndex = 0; path = Pods_News.framework; sourceTree = BUILT_PRODUCTS_DIR; };
		4D4798590F80155939C3F07D /* Pods-NewsUITests.release.xcconfig */ = {isa = PBXFileReference; includeInIndex = 1; lastKnownFileType = text.xcconfig; name = "Pods-NewsUITests.release.xcconfig"; path = "Pods/Target Support Files/Pods-NewsUITests/Pods-NewsUITests.release.xcconfig"; sourceTree = "<group>"; };
		61E7C059B5D640743C0046A8 /* Pods_NewsTests.framework */ = {isa = PBXFileReference; explicitFileType = wrapper.framework; includeInIndex = 0; path = Pods_NewsTests.framework; sourceTree = BUILT_PRODUCTS_DIR; };
		852B612910FE5C09FB9C5332 /* Pods-NewsTests.debug.xcconfig */ = {isa = PBXFileReference; includeInIndex = 1; lastKnownFileType = text.xcconfig; name = "Pods-NewsTests.debug.xcconfig"; path = "Pods/Target Support Files/Pods-NewsTests/Pods-NewsTests.debug.xcconfig"; sourceTree = "<group>"; };
		9A472BF8AEA573867F377486 /* Pods-NewsTests.release.xcconfig */ = {isa = PBXFileReference; includeInIndex = 1; lastKnownFileType = text.xcconfig; name = "Pods-NewsTests.release.xcconfig"; path = "Pods/Target Support Files/Pods-NewsTests/Pods-NewsTests.release.xcconfig"; sourceTree = "<group>"; };
		A9550FB07DB1D0F1F7A4571A /* Pods-News.debug.xcconfig */ = {isa = PBXFileReference; includeInIndex = 1; lastKnownFileType = text.xcconfig; name = "Pods-News.debug.xcconfig"; path = "Pods/Target Support Files/Pods-News/Pods-News.debug.xcconfig"; sourceTree = "<group>"; };
		ABED3F816B6B0732E70ABDCC /* Pods_NewsUITests.framework */ = {isa = PBXFileReference; explicitFileType = wrapper.framework; includeInIndex = 0; path = Pods_NewsUITests.framework; sourceTree = BUILT_PRODUCTS_DIR; };
		C00071CD0DB7A89A0AF09B24 /* Pods-News.release.xcconfig */ = {isa = PBXFileReference; includeInIndex = 1; lastKnownFileType = text.xcconfig; name = "Pods-News.release.xcconfig"; path = "Pods/Target Support Files/Pods-News/Pods-News.release.xcconfig"; sourceTree = "<group>"; };
		DE5243552195ED00000609CE /* AppDelegate.swift */ = {isa = PBXFileReference; fileEncoding = 4; lastKnownFileType = sourcecode.swift; path = AppDelegate.swift; sourceTree = "<group>"; };
		DE5243602195ED01000609CE /* DetailViewController.swift */ = {isa = PBXFileReference; fileEncoding = 4; lastKnownFileType = sourcecode.swift; path = DetailViewController.swift; sourceTree = "<group>"; };
		DE5243612195ED01000609CE /* ParentViewController.swift */ = {isa = PBXFileReference; fileEncoding = 4; lastKnownFileType = sourcecode.swift; path = ParentViewController.swift; sourceTree = "<group>"; };
		DE5243632195ED01000609CE /* ArticleCell.swift */ = {isa = PBXFileReference; fileEncoding = 4; lastKnownFileType = sourcecode.swift; path = ArticleCell.swift; sourceTree = "<group>"; };
		DE5243642195ED01000609CE /* LoadingCell.swift */ = {isa = PBXFileReference; fileEncoding = 4; lastKnownFileType = sourcecode.swift; path = LoadingCell.swift; sourceTree = "<group>"; };
		DE5243672195ED01000609CE /* Base */ = {isa = PBXFileReference; lastKnownFileType = file.storyboard; name = Base; path = Base.lproj/LaunchScreen.storyboard; sourceTree = "<group>"; };
		DE5243692195ED01000609CE /* Base */ = {isa = PBXFileReference; lastKnownFileType = file.storyboard; name = Base; path = Base.lproj/Main.storyboard; sourceTree = "<group>"; };
		DE52436B2195ED01000609CE /* Extension.swift */ = {isa = PBXFileReference; fileEncoding = 4; lastKnownFileType = sourcecode.swift; path = Extension.swift; sourceTree = "<group>"; };
		DECF8F992195DDEC00638906 /* News.app */ = {isa = PBXFileReference; explicitFileType = wrapper.application; includeInIndex = 0; path = News.app; sourceTree = BUILT_PRODUCTS_DIR; };
		DECF8FA32195DDEC00638906 /* Assets.xcassets */ = {isa = PBXFileReference; lastKnownFileType = folder.assetcatalog; path = Assets.xcassets; sourceTree = "<group>"; };
		DECF8FA82195DDEC00638906 /* Info.plist */ = {isa = PBXFileReference; lastKnownFileType = text.plist.xml; path = Info.plist; sourceTree = "<group>"; };
		DECF8FAD2195DDED00638906 /* NewsTests.xctest */ = {isa = PBXFileReference; explicitFileType = wrapper.cfbundle; includeInIndex = 0; path = NewsTests.xctest; sourceTree = BUILT_PRODUCTS_DIR; };
		DECF8FB12195DDED00638906 /* NewsTests.swift */ = {isa = PBXFileReference; lastKnownFileType = sourcecode.swift; path = NewsTests.swift; sourceTree = "<group>"; };
		DECF8FB32195DDED00638906 /* Info.plist */ = {isa = PBXFileReference; lastKnownFileType = text.plist.xml; path = Info.plist; sourceTree = "<group>"; };
		DECF8FB82195DDED00638906 /* NewsUITests.xctest */ = {isa = PBXFileReference; explicitFileType = wrapper.cfbundle; includeInIndex = 0; path = NewsUITests.xctest; sourceTree = BUILT_PRODUCTS_DIR; };
		DECF8FBC2195DDED00638906 /* NewsUITests.swift */ = {isa = PBXFileReference; lastKnownFileType = sourcecode.swift; path = NewsUITests.swift; sourceTree = "<group>"; };
		DECF8FBE2195DDED00638906 /* Info.plist */ = {isa = PBXFileReference; lastKnownFileType = text.plist.xml; path = Info.plist; sourceTree = "<group>"; };
		FBAE3F6CCA4E9D8A95DBA06E /* Pods-NewsUITests.debug.xcconfig */ = {isa = PBXFileReference; includeInIndex = 1; lastKnownFileType = text.xcconfig; name = "Pods-NewsUITests.debug.xcconfig"; path = "Pods/Target Support Files/Pods-NewsUITests/Pods-NewsUITests.debug.xcconfig"; sourceTree = "<group>"; };
/* End PBXFileReference section */

/* Begin PBXFrameworksBuildPhase section */
		DECF8F962195DDEC00638906 /* Frameworks */ = {
			isa = PBXFrameworksBuildPhase;
			buildActionMask = 2147483647;
			files = (
				20FB220558AD407FDAA20748 /* Pods_News.framework in Frameworks */,
			);
			runOnlyForDeploymentPostprocessing = 0;
		};
		DECF8FAA2195DDED00638906 /* Frameworks */ = {
			isa = PBXFrameworksBuildPhase;
			buildActionMask = 2147483647;
			files = (
				2C90865D0E9E4875EFCCF1E3 /* Pods_NewsTests.framework in Frameworks */,
			);
			runOnlyForDeploymentPostprocessing = 0;
		};
		DECF8FB52195DDED00638906 /* Frameworks */ = {
			isa = PBXFrameworksBuildPhase;
			buildActionMask = 2147483647;
			files = (
				0E5CEE404C70EB82C7B2742B /* Pods_NewsUITests.framework in Frameworks */,
			);
			runOnlyForDeploymentPostprocessing = 0;
		};
/* End PBXFrameworksBuildPhase section */

/* Begin PBXGroup section */
		512EFC311A851C5590C46DA9 /* Pods */ = {
			isa = PBXGroup;
			children = (
				A9550FB07DB1D0F1F7A4571A /* Pods-News.debug.xcconfig */,
				C00071CD0DB7A89A0AF09B24 /* Pods-News.release.xcconfig */,
				852B612910FE5C09FB9C5332 /* Pods-NewsTests.debug.xcconfig */,
				9A472BF8AEA573867F377486 /* Pods-NewsTests.release.xcconfig */,
				FBAE3F6CCA4E9D8A95DBA06E /* Pods-NewsUITests.debug.xcconfig */,
				4D4798590F80155939C3F07D /* Pods-NewsUITests.release.xcconfig */,
			);
			name = Pods;
			sourceTree = "<group>";
		};
		5A676241CF912BC4C0389031 /* Frameworks */ = {
			isa = PBXGroup;
			children = (
				0EBB4F72D1C0F309D0BB7A54 /* Pods_News.framework */,
				61E7C059B5D640743C0046A8 /* Pods_NewsTests.framework */,
				ABED3F816B6B0732E70ABDCC /* Pods_NewsUITests.framework */,
			);
			name = Frameworks;
			sourceTree = "<group>";
		};
		DE5243542195ED00000609CE /* Core */ = {
			isa = PBXGroup;
			children = (
				DE5243552195ED00000609CE /* AppDelegate.swift */,
			);
			path = Core;
			sourceTree = "<group>";
		};
		DE52435F2195ED01000609CE /* ViewController */ = {
			isa = PBXGroup;
			children = (
				DE5243602195ED01000609CE /* DetailViewController.swift */,
				DE5243612195ED01000609CE /* ParentViewController.swift */,
			);
			path = ViewController;
			sourceTree = "<group>";
		};
		DE5243622195ED01000609CE /* CustomCell */ = {
			isa = PBXGroup;
			children = (
				DE5243632195ED01000609CE /* ArticleCell.swift */,
				DE5243642195ED01000609CE /* LoadingCell.swift */,
			);
			path = CustomCell;
			sourceTree = "<group>";
		};
		DE5243652195ED01000609CE /* Storyboard */ = {
			isa = PBXGroup;
			children = (
				DE5243662195ED01000609CE /* LaunchScreen.storyboard */,
				DE5243682195ED01000609CE /* Main.storyboard */,
			);
			path = Storyboard;
			sourceTree = "<group>";
		};
		DE52436A2195ED01000609CE /* Helper */ = {
			isa = PBXGroup;
			children = (
				DE52436B2195ED01000609CE /* Extension.swift */,
			);
			path = Helper;
			sourceTree = "<group>";
		};
		DECF8F902195DDEC00638906 = {
			isa = PBXGroup;
			children = (
				DECF8F9B2195DDEC00638906 /* News */,
				DECF8FB02195DDED00638906 /* NewsTests */,
				DECF8FBB2195DDED00638906 /* NewsUITests */,
				DECF8F9A2195DDEC00638906 /* Products */,
				512EFC311A851C5590C46DA9 /* Pods */,
				5A676241CF912BC4C0389031 /* Frameworks */,
			);
			sourceTree = "<group>";
		};
		DECF8F9A2195DDEC00638906 /* Products */ = {
			isa = PBXGroup;
			children = (
				DECF8F992195DDEC00638906 /* News.app */,
				DECF8FAD2195DDED00638906 /* NewsTests.xctest */,
				DECF8FB82195DDED00638906 /* NewsUITests.xctest */,
			);
			name = Products;
			sourceTree = "<group>";
		};
		DECF8F9B2195DDEC00638906 /* News */ = {
			isa = PBXGroup;
			children = (
				DE5243542195ED00000609CE /* Core */,
				DE52435F2195ED01000609CE /* ViewController */,
				DE5243622195ED01000609CE /* CustomCell */,
				DE52436A2195ED01000609CE /* Helper */,
				DE5243652195ED01000609CE /* Storyboard */,
				DECF8FA32195DDEC00638906 /* Assets.xcassets */,
				DECF8FA82195DDEC00638906 /* Info.plist */,
			);
			path = News;
			sourceTree = "<group>";
		};
		DECF8FB02195DDED00638906 /* NewsTests */ = {
			isa = PBXGroup;
			children = (
				DECF8FB12195DDED00638906 /* NewsTests.swift */,
				DECF8FB32195DDED00638906 /* Info.plist */,
			);
			path = NewsTests;
			sourceTree = "<group>";
		};
		DECF8FBB2195DDED00638906 /* NewsUITests */ = {
			isa = PBXGroup;
			children = (
				DECF8FBC2195DDED00638906 /* NewsUITests.swift */,
				DECF8FBE2195DDED00638906 /* Info.plist */,
			);
			path = NewsUITests;
			sourceTree = "<group>";
		};
/* End PBXGroup section */

/* Begin PBXNativeTarget section */
		DECF8F982195DDEC00638906 /* News */ = {
			isa = PBXNativeTarget;
			buildConfigurationList = DECF8FC12195DDED00638906 /* Build configuration list for PBXNativeTarget "News" */;
			buildPhases = (
				749F9919714E3A873D87EB7D /* [CP] Check Pods Manifest.lock */,
				DECF8F952195DDEC00638906 /* Sources */,
				DECF8F962195DDEC00638906 /* Frameworks */,
				DECF8F972195DDEC00638906 /* Resources */,
				A2B5A6423360845810810F21 /* [CP] Embed Pods Frameworks */,
			);
			buildRules = (
			);
			dependencies = (
			);
			name = News;
			productName = News;
			productReference = DECF8F992195DDEC00638906 /* News.app */;
			productType = "com.apple.product-type.application";
		};
		DECF8FAC2195DDED00638906 /* NewsTests */ = {
			isa = PBXNativeTarget;
			buildConfigurationList = DECF8FC42195DDED00638906 /* Build configuration list for PBXNativeTarget "NewsTests" */;
			buildPhases = (
				8C9D29F0A5688EEF5484CE7D /* [CP] Check Pods Manifest.lock */,
				DECF8FA92195DDED00638906 /* Sources */,
				DECF8FAA2195DDED00638906 /* Frameworks */,
				DECF8FAB2195DDED00638906 /* Resources */,
			);
			buildRules = (
			);
			dependencies = (
				DECF8FAF2195DDED00638906 /* PBXTargetDependency */,
			);
			name = NewsTests;
			productName = NewsTests;
			productReference = DECF8FAD2195DDED00638906 /* NewsTests.xctest */;
			productType = "com.apple.product-type.bundle.unit-test";
		};
		DECF8FB72195DDED00638906 /* NewsUITests */ = {
			isa = PBXNativeTarget;
			buildConfigurationList = DECF8FC72195DDED00638906 /* Build configuration list for PBXNativeTarget "NewsUITests" */;
			buildPhases = (
				217518E1A2EEB8EA4D25C1C0 /* [CP] Check Pods Manifest.lock */,
				DECF8FB42195DDED00638906 /* Sources */,
				DECF8FB52195DDED00638906 /* Frameworks */,
				DECF8FB62195DDED00638906 /* Resources */,
			);
			buildRules = (
			);
			dependencies = (
				DECF8FBA2195DDED00638906 /* PBXTargetDependency */,
			);
			name = NewsUITests;
			productName = NewsUITests;
			productReference = DECF8FB82195DDED00638906 /* NewsUITests.xctest */;
			productType = "com.apple.product-type.bundle.ui-testing";
		};
/* End PBXNativeTarget section */

/* Begin PBXProject section */
		DECF8F912195DDEC00638906 /* Project object */ = {
			isa = PBXProject;
			attributes = {
				LastSwiftUpdateCheck = 0920;
				LastUpgradeCheck = 0920;
				ORGANIZATIONNAME = "Hilal Baig";
				TargetAttributes = {
					DECF8F982195DDEC00638906 = {
						CreatedOnToolsVersion = 9.2;
						ProvisioningStyle = Automatic;
					};
					DECF8FAC2195DDED00638906 = {
						CreatedOnToolsVersion = 9.2;
						ProvisioningStyle = Automatic;
						TestTargetID = DECF8F982195DDEC00638906;
					};
					DECF8FB72195DDED00638906 = {
						CreatedOnToolsVersion = 9.2;
						ProvisioningStyle = Automatic;
						TestTargetID = DECF8F982195DDEC00638906;
					};
				};
			};
			buildConfigurationList = DECF8F942195DDEC00638906 /* Build configuration list for PBXProject "News" */;
			compatibilityVersion = "Xcode 8.0";
			developmentRegion = en;
			hasScannedForEncodings = 0;
			knownRegions = (
				en,
				Base,
			);
			mainGroup = DECF8F902195DDEC00638906;
			productRefGroup = DECF8F9A2195DDEC00638906 /* Products */;
			projectDirPath = "";
			projectRoot = "";
			targets = (
				DECF8F982195DDEC00638906 /* News */,
				DECF8FAC2195DDED00638906 /* NewsTests */,
				DECF8FB72195DDED00638906 /* NewsUITests */,
			);
		};
/* End PBXProject section */

/* Begin PBXResourcesBuildPhase section */
		DECF8F972195DDEC00638906 /* Resources */ = {
			isa = PBXResourcesBuildPhase;
			buildActionMask = 2147483647;
			files = (
				DE5243932195ED01000609CE /* Main.storyboard in Resources */,
				DE5243902195ED01000609CE /* LaunchScreen.storyboard in Resources */,
				DECF8FA42195DDEC00638906 /* Assets.xcassets in Resources */,
			);
			runOnlyForDeploymentPostprocessing = 0;
		};
		DECF8FAB2195DDED00638906 /* Resources */ = {
			isa = PBXResourcesBuildPhase;
			buildActionMask = 2147483647;
			files = (
				DE5243912195ED01000609CE /* LaunchScreen.storyboard in Resources */,
				DE5243942195ED01000609CE /* Main.storyboard in Resources */,
			);
			runOnlyForDeploymentPostprocessing = 0;
		};
		DECF8FB62195DDED00638906 /* Resources */ = {
			isa = PBXResourcesBuildPhase;
			buildActionMask = 2147483647;
			files = (
				DE5243922195ED01000609CE /* LaunchScreen.storyboard in Resources */,
				DE5243952195ED01000609CE /* Main.storyboard in Resources */,
			);
			runOnlyForDeploymentPostprocessing = 0;
		};
/* End PBXResourcesBuildPhase section */

/* Begin PBXShellScriptBuildPhase section */
		217518E1A2EEB8EA4D25C1C0 /* [CP] Check Pods Manifest.lock */ = {
			isa = PBXShellScriptBuildPhase;
			buildActionMask = 2147483647;
			files = (
			);
			inputPaths = (
				"${PODS_PODFILE_DIR_PATH}/Podfile.lock",
				"${PODS_ROOT}/Manifest.lock",
			);
			name = "[CP] Check Pods Manifest.lock";
			outputPaths = (
				"$(DERIVED_FILE_DIR)/Pods-NewsUITests-checkManifestLockResult.txt",
			);
			runOnlyForDeploymentPostprocessing = 0;
			shellPath = /bin/sh;
			shellScript = "diff \"${PODS_PODFILE_DIR_PATH}/Podfile.lock\" \"${PODS_ROOT}/Manifest.lock\" > /dev/null\nif [ $? != 0 ] ; then\n    # print error to STDERR\n    echo \"error: The sandbox is not in sync with the Podfile.lock. Run 'pod install' or update your CocoaPods installation.\" >&2\n    exit 1\nfi\n# This output is used by Xcode 'outputs' to avoid re-running this script phase.\necho \"SUCCESS\" > \"${SCRIPT_OUTPUT_FILE_0}\"\n";
			showEnvVarsInLog = 0;
		};
		749F9919714E3A873D87EB7D /* [CP] Check Pods Manifest.lock */ = {
			isa = PBXShellScriptBuildPhase;
			buildActionMask = 2147483647;
			files = (
			);
			inputPaths = (
				"${PODS_PODFILE_DIR_PATH}/Podfile.lock",
				"${PODS_ROOT}/Manifest.lock",
			);
			name = "[CP] Check Pods Manifest.lock";
			outputPaths = (
				"$(DERIVED_FILE_DIR)/Pods-News-checkManifestLockResult.txt",
			);
			runOnlyForDeploymentPostprocessing = 0;
			shellPath = /bin/sh;
			shellScript = "diff \"${PODS_PODFILE_DIR_PATH}/Podfile.lock\" \"${PODS_ROOT}/Manifest.lock\" > /dev/null\nif [ $? != 0 ] ; then\n    # print error to STDERR\n    echo \"error: The sandbox is not in sync with the Podfile.lock. Run 'pod install' or update your CocoaPods installation.\" >&2\n    exit 1\nfi\n# This output is used by Xcode 'outputs' to avoid re-running this script phase.\necho \"SUCCESS\" > \"${SCRIPT_OUTPUT_FILE_0}\"\n";
			showEnvVarsInLog = 0;
		};
		8C9D29F0A5688EEF5484CE7D /* [CP] Check Pods Manifest.lock */ = {
			isa = PBXShellScriptBuildPhase;
			buildActionMask = 2147483647;
			files = (
			);
			inputPaths = (
				"${PODS_PODFILE_DIR_PATH}/Podfile.lock",
				"${PODS_ROOT}/Manifest.lock",
			);
			name = "[CP] Check Pods Manifest.lock";
			outputPaths = (
				"$(DERIVED_FILE_DIR)/Pods-NewsTests-checkManifestLockResult.txt",
			);
			runOnlyForDeploymentPostprocessing = 0;
			shellPath = /bin/sh;
			shellScript = "diff \"${PODS_PODFILE_DIR_PATH}/Podfile.lock\" \"${PODS_ROOT}/Manifest.lock\" > /dev/null\nif [ $? != 0 ] ; then\n    # print error to STDERR\n    echo \"error: The sandbox is not in sync with the Podfile.lock. Run 'pod install' or update your CocoaPods installation.\" >&2\n    exit 1\nfi\n# This output is used by Xcode 'outputs' to avoid re-running this script phase.\necho \"SUCCESS\" > \"${SCRIPT_OUTPUT_FILE_0}\"\n";
			showEnvVarsInLog = 0;
		};
		A2B5A6423360845810810F21 /* [CP] Embed Pods Frameworks */ = {
			isa = PBXShellScriptBuildPhase;
			buildActionMask = 2147483647;
			files = (
			);
			inputPaths = (
				"${SRCROOT}/Pods/Target Support Files/Pods-News/Pods-News-frameworks.sh",
				"${BUILT_PRODUCTS_DIR}/BPStatusBarAlert/BPStatusBarAlert.framework",
				"${BUILT_PRODUCTS_DIR}/DZNEmptyDataSet/DZNEmptyDataSet.framework",
				"${BUILT_PRODUCTS_DIR}/ReachabilitySwift/Reachability.framework",
				"${BUILT_PRODUCTS_DIR}/Shimmer/Shimmer.framework",
			);
			name = "[CP] Embed Pods Frameworks";
			outputPaths = (
				"${TARGET_BUILD_DIR}/${FRAMEWORKS_FOLDER_PATH}/BPStatusBarAlert.framework",
				"${TARGET_BUILD_DIR}/${FRAMEWORKS_FOLDER_PATH}/DZNEmptyDataSet.framework",
				"${TARGET_BUILD_DIR}/${FRAMEWORKS_FOLDER_PATH}/Reachability.framework",
				"${TARGET_BUILD_DIR}/${FRAMEWORKS_FOLDER_PATH}/Shimmer.framework",
			);
			runOnlyForDeploymentPostprocessing = 0;
			shellPath = /bin/sh;
			shellScript = "\"${SRCROOT}/Pods/Target Support Files/Pods-News/Pods-News-frameworks.sh\"\n";
			showEnvVarsInLog = 0;
		};
/* End PBXShellScriptBuildPhase section */

/* Begin PBXSourcesBuildPhase section */
		DECF8F952195DDEC00638906 /* Sources */ = {
			isa = PBXSourcesBuildPhase;
			buildActionMask = 2147483647;
			files = (
				DE5243962195ED01000609CE /* Extension.swift in Sources */,
				DE5243842195ED01000609CE /* DetailViewController.swift in Sources */,
				DE5243872195ED01000609CE /* ParentViewController.swift in Sources */,
				DE52438D2195ED01000609CE /* LoadingCell.swift in Sources */,
				DE52438A2195ED01000609CE /* ArticleCell.swift in Sources */,
				DE52436C2195ED01000609CE /* AppDelegate.swift in Sources */,
			);
			runOnlyForDeploymentPostprocessing = 0;
		};
		DECF8FA92195DDED00638906 /* Sources */ = {
			isa = PBXSourcesBuildPhase;
			buildActionMask = 2147483647;
			files = (
				DE52436D2195ED01000609CE /* AppDelegate.swift in Sources */,
				DE5243882195ED01000609CE /* ParentViewController.swift in Sources */,
				DE52438E2195ED01000609CE /* LoadingCell.swift in Sources */,
				DE5243972195ED01000609CE /* Extension.swift in Sources */,
				DE52438B2195ED01000609CE /* ArticleCell.swift in Sources */,
				DE5243852195ED01000609CE /* DetailViewController.swift in Sources */,
				DECF8FB22195DDED00638906 /* NewsTests.swift in Sources */,
			);
			runOnlyForDeploymentPostprocessing = 0;
		};
		DECF8FB42195DDED00638906 /* Sources */ = {
			isa = PBXSourcesBuildPhase;
			buildActionMask = 2147483647;
			files = (
				DE52436E2195ED01000609CE /* AppDelegate.swift in Sources */,
				DE5243892195ED01000609CE /* ParentViewController.swift in Sources */,
				DE52438F2195ED01000609CE /* LoadingCell.swift in Sources */,
				DE5243982195ED01000609CE /* Extension.swift in Sources */,
				DE52438C2195ED01000609CE /* ArticleCell.swift in Sources */,
				DE5243862195ED01000609CE /* DetailViewController.swift in Sources */,
				DECF8FBD2195DDED00638906 /* NewsUITests.swift in Sources */,
			);
			runOnlyForDeploymentPostprocessing = 0;
		};
/* End PBXSourcesBuildPhase section */

/* Begin PBXTargetDependency section */
		DECF8FAF2195DDED00638906 /* PBXTargetDependency */ = {
			isa = PBXTargetDependency;
			target = DECF8F982195DDEC00638906 /* News */;
			targetProxy = DECF8FAE2195DDED00638906 /* PBXContainerItemProxy */;
		};
		DECF8FBA2195DDED00638906 /* PBXTargetDependency */ = {
			isa = PBXTargetDependency;
			target = DECF8F982195DDEC00638906 /* News */;
			targetProxy = DECF8FB92195DDED00638906 /* PBXContainerItemProxy */;
		};
/* End PBXTargetDependency section */

/* Begin PBXVariantGroup section */
		DE5243662195ED01000609CE /* LaunchScreen.storyboard */ = {
			isa = PBXVariantGroup;
			children = (
				DE5243672195ED01000609CE /* Base */,
			);
			name = LaunchScreen.storyboard;
			sourceTree = "<group>";
		};
		DE5243682195ED01000609CE /* Main.storyboard */ = {
			isa = PBXVariantGroup;
			children = (
				DE5243692195ED01000609CE /* Base */,
			);
			name = Main.storyboard;
			sourceTree = "<group>";
		};
/* End PBXVariantGroup section */

/* Begin XCBuildConfiguration section */
		DECF8FBF2195DDED00638906 /* Debug */ = {
			isa = XCBuildConfiguration;
			buildSettings = {
				ALWAYS_SEARCH_USER_PATHS = NO;
				CLANG_ANALYZER_NONNULL = YES;
				CLANG_ANALYZER_NUMBER_OBJECT_CONVERSION = YES_AGGRESSIVE;
				CLANG_CXX_LANGUAGE_STANDARD = "gnu++14";
				CLANG_CXX_LIBRARY = "libc++";
				CLANG_ENABLE_MODULES = YES;
				CLANG_ENABLE_OBJC_ARC = YES;
				CLANG_WARN_BLOCK_CAPTURE_AUTORELEASING = YES;
				CLANG_WARN_BOOL_CONVERSION = YES;
				CLANG_WARN_COMMA = YES;
				CLANG_WARN_CONSTANT_CONVERSION = YES;
				CLANG_WARN_DIRECT_OBJC_ISA_USAGE = YES_ERROR;
				CLANG_WARN_DOCUMENTATION_COMMENTS = YES;
				CLANG_WARN_EMPTY_BODY = YES;
				CLANG_WARN_ENUM_CONVERSION = YES;
				CLANG_WARN_INFINITE_RECURSION = YES;
				CLANG_WARN_INT_CONVERSION = YES;
				CLANG_WARN_NON_LITERAL_NULL_CONVERSION = YES;
				CLANG_WARN_OBJC_LITERAL_CONVERSION = YES;
				CLANG_WARN_OBJC_ROOT_CLASS = YES_ERROR;
				CLANG_WARN_RANGE_LOOP_ANALYSIS = YES;
				CLANG_WARN_STRICT_PROTOTYPES = YES;
				CLANG_WARN_SUSPICIOUS_MOVE = YES;
				CLANG_WARN_UNGUARDED_AVAILABILITY = YES_AGGRESSIVE;
				CLANG_WARN_UNREACHABLE_CODE = YES;
				CLANG_WARN__DUPLICATE_METHOD_MATCH = YES;
				CODE_SIGN_IDENTITY = "iPhone Developer";
				COPY_PHASE_STRIP = NO;
				DEBUG_INFORMATION_FORMAT = dwarf;
				ENABLE_STRICT_OBJC_MSGSEND = YES;
				ENABLE_TESTABILITY = YES;
				GCC_C_LANGUAGE_STANDARD = gnu11;
				GCC_DYNAMIC_NO_PIC = NO;
				GCC_NO_COMMON_BLOCKS = YES;
				GCC_OPTIMIZATION_LEVEL = 0;
				GCC_PREPROCESSOR_DEFINITIONS = (
					"DEBUG=1",
					"$(inherited)",
				);
				GCC_WARN_64_TO_32_BIT_CONVERSION = YES;
				GCC_WARN_ABOUT_RETURN_TYPE = YES_ERROR;
				GCC_WARN_UNDECLARED_SELECTOR = YES;
				GCC_WARN_UNINITIALIZED_AUTOS = YES_AGGRESSIVE;
				GCC_WARN_UNUSED_FUNCTION = YES;
				GCC_WARN_UNUSED_VARIABLE = YES;
				IPHONEOS_DEPLOYMENT_TARGET = 11.2;
				MTL_ENABLE_DEBUG_INFO = YES;
				ONLY_ACTIVE_ARCH = YES;
				SDKROOT = iphoneos;
				SWIFT_ACTIVE_COMPILATION_CONDITIONS = DEBUG;
				SWIFT_OPTIMIZATION_LEVEL = "-Onone";
			};
			name = Debug;
		};
		DECF8FC02195DDED00638906 /* Release */ = {
			isa = XCBuildConfiguration;
			buildSettings = {
				ALWAYS_SEARCH_USER_PATHS = NO;
				CLANG_ANALYZER_NONNULL = YES;
				CLANG_ANALYZER_NUMBER_OBJECT_CONVERSION = YES_AGGRESSIVE;
				CLANG_CXX_LANGUAGE_STANDARD = "gnu++14";
				CLANG_CXX_LIBRARY = "libc++";
				CLANG_ENABLE_MODULES = YES;
				CLANG_ENABLE_OBJC_ARC = YES;
				CLANG_WARN_BLOCK_CAPTURE_AUTORELEASING = YES;
				CLANG_WARN_BOOL_CONVERSION = YES;
				CLANG_WARN_COMMA = YES;
				CLANG_WARN_CONSTANT_CONVERSION = YES;
				CLANG_WARN_DIRECT_OBJC_ISA_USAGE = YES_ERROR;
				CLANG_WARN_DOCUMENTATION_COMMENTS = YES;
				CLANG_WARN_EMPTY_BODY = YES;
				CLANG_WARN_ENUM_CONVERSION = YES;
				CLANG_WARN_INFINITE_RECURSION = YES;
				CLANG_WARN_INT_CONVERSION = YES;
				CLANG_WARN_NON_LITERAL_NULL_CONVERSION = YES;
				CLANG_WARN_OBJC_LITERAL_CONVERSION = YES;
				CLANG_WARN_OBJC_ROOT_CLASS = YES_ERROR;
				CLANG_WARN_RANGE_LOOP_ANALYSIS = YES;
				CLANG_WARN_STRICT_PROTOTYPES = YES;
				CLANG_WARN_SUSPICIOUS_MOVE = YES;
				CLANG_WARN_UNGUARDED_AVAILABILITY = YES_AGGRESSIVE;
				CLANG_WARN_UNREACHABLE_CODE = YES;
				CLANG_WARN__DUPLICATE_METHOD_MATCH = YES;
				CODE_SIGN_IDENTITY = "iPhone Developer";
				COPY_PHASE_STRIP = NO;
				DEBUG_INFORMATION_FORMAT = "dwarf-with-dsym";
				ENABLE_NS_ASSERTIONS = NO;
				ENABLE_STRICT_OBJC_MSGSEND = YES;
				GCC_C_LANGUAGE_STANDARD = gnu11;
				GCC_NO_COMMON_BLOCKS = YES;
				GCC_WARN_64_TO_32_BIT_CONVERSION = YES;
				GCC_WARN_ABOUT_RETURN_TYPE = YES_ERROR;
				GCC_WARN_UNDECLARED_SELECTOR = YES;
				GCC_WARN_UNINITIALIZED_AUTOS = YES_AGGRESSIVE;
				GCC_WARN_UNUSED_FUNCTION = YES;
				GCC_WARN_UNUSED_VARIABLE = YES;
				IPHONEOS_DEPLOYMENT_TARGET = 11.2;
				MTL_ENABLE_DEBUG_INFO = NO;
				SDKROOT = iphoneos;
				SWIFT_OPTIMIZATION_LEVEL = "-Owholemodule";
				VALIDATE_PRODUCT = YES;
			};
			name = Release;
		};
		DECF8FC22195DDED00638906 /* Debug */ = {
			isa = XCBuildConfiguration;
			baseConfigurationReference = A9550FB07DB1D0F1F7A4571A /* Pods-News.debug.xcconfig */;
			buildSettings = {
				ASSETCATALOG_COMPILER_APPICON_NAME = AppIcon;
				CODE_SIGN_STYLE = Automatic;
				DEVELOPMENT_TEAM = 9TTP25JRLE;
				INFOPLIST_FILE = News/Info.plist;
				IPHONEOS_DEPLOYMENT_TARGET = 10.0;
				LD_RUNPATH_SEARCH_PATHS = "$(inherited) @executable_path/Frameworks";
				PRODUCT_BUNDLE_IDENTIFIER = Baig.News;
				PRODUCT_NAME = "$(TARGET_NAME)";
				SWIFT_VERSION = 4.0;
				TARGETED_DEVICE_FAMILY = "1,2";
			};
			name = Debug;
		};
		DECF8FC32195DDED00638906 /* Release */ = {
			isa = XCBuildConfiguration;
			baseConfigurationReference = C00071CD0DB7A89A0AF09B24 /* Pods-News.release.xcconfig */;
			buildSettings = {
				ASSETCATALOG_COMPILER_APPICON_NAME = AppIcon;
				CODE_SIGN_STYLE = Automatic;
				DEVELOPMENT_TEAM = 9TTP25JRLE;
				INFOPLIST_FILE = News/Info.plist;
				IPHONEOS_DEPLOYMENT_TARGET = 10.0;
				LD_RUNPATH_SEARCH_PATHS = "$(inherited) @executable_path/Frameworks";
				PRODUCT_BUNDLE_IDENTIFIER = Baig.News;
				PRODUCT_NAME = "$(TARGET_NAME)";
				SWIFT_VERSION = 4.0;
				TARGETED_DEVICE_FAMILY = "1,2";
			};
			name = Release;
		};
		DECF8FC52195DDED00638906 /* Debug */ = {
			isa = XCBuildConfiguration;
			baseConfigurationReference = 852B612910FE5C09FB9C5332 /* Pods-NewsTests.debug.xcconfig */;
			buildSettings = {
				ALWAYS_EMBED_SWIFT_STANDARD_LIBRARIES = YES;
				BUNDLE_LOADER = "$(TEST_HOST)";
				CODE_SIGN_STYLE = Automatic;
				DEVELOPMENT_TEAM = 9TTP25JRLE;
				INFOPLIST_FILE = NewsTests/Info.plist;
				LD_RUNPATH_SEARCH_PATHS = "$(inherited) @executable_path/Frameworks @loader_path/Frameworks";
				PRODUCT_BUNDLE_IDENTIFIER = Baig.NewsTests;
				PRODUCT_NAME = "$(TARGET_NAME)";
				SWIFT_VERSION = 4.0;
				TARGETED_DEVICE_FAMILY = "1,2";
				TEST_HOST = "$(BUILT_PRODUCTS_DIR)/News.app/News";
			};
			name = Debug;
		};
		DECF8FC62195DDED00638906 /* Release */ = {
			isa = XCBuildConfiguration;
			baseConfigurationReference = 9A472BF8AEA573867F377486 /* Pods-NewsTests.release.xcconfig */;
			buildSettings = {
				ALWAYS_EMBED_SWIFT_STANDARD_LIBRARIES = YES;
				BUNDLE_LOADER = "$(TEST_HOST)";
				CODE_SIGN_STYLE = Automatic;
				DEVELOPMENT_TEAM = 9TTP25JRLE;
				INFOPLIST_FILE = NewsTests/Info.plist;
				LD_RUNPATH_SEARCH_PATHS = "$(inherited) @executable_path/Frameworks @loader_path/Frameworks";
				PRODUCT_BUNDLE_IDENTIFIER = Baig.NewsTests;
				PRODUCT_NAME = "$(TARGET_NAME)";
				SWIFT_VERSION = 4.0;
				TARGETED_DEVICE_FAMILY = "1,2";
				TEST_HOST = "$(BUILT_PRODUCTS_DIR)/News.app/News";
			};
			name = Release;
		};
		DECF8FC82195DDED00638906 /* Debug */ = {
			isa = XCBuildConfiguration;
			baseConfigurationReference = FBAE3F6CCA4E9D8A95DBA06E /* Pods-NewsUITests.debug.xcconfig */;
			buildSettings = {
				ALWAYS_EMBED_SWIFT_STANDARD_LIBRARIES = YES;
				CODE_SIGN_STYLE = Automatic;
				DEVELOPMENT_TEAM = 9TTP25JRLE;
				INFOPLIST_FILE = NewsUITests/Info.plist;
				LD_RUNPATH_SEARCH_PATHS = "$(inherited) @executable_path/Frameworks @loader_path/Frameworks";
				PRODUCT_BUNDLE_IDENTIFIER = Baig.NewsUITests;
				PRODUCT_NAME = "$(TARGET_NAME)";
				SWIFT_VERSION = 4.0;
				TARGETED_DEVICE_FAMILY = "1,2";
				TEST_TARGET_NAME = News;
			};
			name = Debug;
		};
		DECF8FC92195DDED00638906 /* Release */ = {
			isa = XCBuildConfiguration;
			baseConfigurationReference = 4D4798590F80155939C3F07D /* Pods-NewsUITests.release.xcconfig */;
			buildSettings = {
				ALWAYS_EMBED_SWIFT_STANDARD_LIBRARIES = YES;
				CODE_SIGN_STYLE = Automatic;
				DEVELOPMENT_TEAM = 9TTP25JRLE;
				INFOPLIST_FILE = NewsUITests/Info.plist;
				LD_RUNPATH_SEARCH_PATHS = "$(inherited) @executable_path/Frameworks @loader_path/Frameworks";
				PRODUCT_BUNDLE_IDENTIFIER = Baig.NewsUITests;
				PRODUCT_NAME = "$(TARGET_NAME)";
				SWIFT_VERSION = 4.0;
				TARGETED_DEVICE_FAMILY = "1,2";
				TEST_TARGET_NAME = News;
			};
			name = Release;
		};
/* End XCBuildConfiguration section */

/* Begin XCConfigurationList section */
		DECF8F942195DDEC00638906 /* Build configuration list for PBXProject "News" */ = {
			isa = XCConfigurationList;
			buildConfigurations = (
				DECF8FBF2195DDED00638906 /* Debug */,
				DECF8FC02195DDED00638906 /* Release */,
			);
			defaultConfigurationIsVisible = 0;
			defaultConfigurationName = Release;
		};
		DECF8FC12195DDED00638906 /* Build configuration list for PBXNativeTarget "News" */ = {
			isa = XCConfigurationList;
			buildConfigurations = (
				DECF8FC22195DDED00638906 /* Debug */,
				DECF8FC32195DDED00638906 /* Release */,
			);
			defaultConfigurationIsVisible = 0;
			defaultConfigurationName = Release;
		};
		DECF8FC42195DDED00638906 /* Build configuration list for PBXNativeTarget "NewsTests" */ = {
			isa = XCConfigurationList;
			buildConfigurations = (
				DECF8FC52195DDED00638906 /* Debug */,
				DECF8FC62195DDED00638906 /* Release */,
			);
			defaultConfigurationIsVisible = 0;
			defaultConfigurationName = Release;
		};
		DECF8FC72195DDED00638906 /* Build configuration list for PBXNativeTarget "NewsUITests" */ = {
			isa = XCConfigurationList;
			buildConfigurations = (
				DECF8FC82195DDED00638906 /* Debug */,
				DECF8FC92195DDED00638906 /* Release */,
			);
			defaultConfigurationIsVisible = 0;
			defaultConfigurationName = Release;
		};
/* End XCConfigurationList section */
	};
	rootObject = DECF8F912195DDEC00638906 /* Project object */;
}
